ScanKinetics_0.1_481.16883116883116_0.20000000000000004
ScanKinetics_0.1_650.0_0.20000000000000004
ScanKinetics_0.1_581.9371727748692_0.20000000000000004
ScanKinetics_0.1_450.0_0.20000000000000004
ScanKinetics_0.1_507.5342465753424_0.20000000000000004
ScanKinetics_0.1_620.949720670391_0.20000000000000004
ScanKinetics_0.1_558.5427135678392_0.20000000000000004
ScanKinetics_0.1_526.7772511848341_0.20000000000000004
ScanKinetics_0.1_516.9767441860465_0.20000000000000004
ScanKinetics_0.1_457.40740740740745_0.20000000000000004
ScanKinetics_0.1_498.43049327354265_0.20000000000000004
ScanKinetics_0.1_570.0_0.20000000000000004
ScanKinetics_0.1_536.9565217391305_0.20000000000000004
ScanKinetics_0.1_465.0627615062761_0.20000000000000004
ScanKinetics_0.1_472.9787234042553_0.20000000000000004
ScanKinetics_0.1_547.5369458128079_0.20000000000000004
ScanKinetics_0.1_607.377049180328_0.20000000000000004
ScanKinetics_0.1_635.1428571428572_0.20000000000000004
ScanKinetics_0.1_489.647577092511_0.20000000000000004
ScanKinetics_0.1_594.3850267379679_0.20000000000000004
